Microsoft Visual Studio Solution File, Format Version 12.00
# Visual Studio Version 17
VisualStudioVersion = 17.8.34309.116
MinimumVisualStudioVersion = 10.0.40219.1
Project("{9A19103F-16F7-4668-BE54-9A1E7A4F7556}") = "SCEMS.Domain", "SCEMS.Domain\SCEMS.Domain.csproj", "{A1234567-B890-C123-D456-E78901234567}"
EndProject
Project("{9A19103F-16F7-4668-BE54-9A1E7A4F7556}") = "SCEMS.Infrastructure", "SCEMS.Infrastructure\SCEMS.Infrastructure.csproj", "{B2345678-C901-D234-E567-F89012345678}"
EndProject
Project("{9A19103F-16F7-4668-BE54-9A1E7A4F7556}") = "SCEMS.Application", "SCEMS.Application\SCEMS.Application.csproj", "{C3456789-D012-E345-F678-012345678901}"
EndProject
Project("{9A19103F-16F7-4668-BE54-9A1E7A4F7556}") = "SCEMS.Api", "SCEMS.Api\SCEMS.Api.csproj", "{122E7DF0-A0FE-4BE1-86F2-311F16D40299}"
EndProject
Global
	GlobalSection(SolutionConfigurationPlatforms) = preSolution
		Debug|Any CPU = Debug|Any CPU
		Release|Any CPU = Release|Any CPU
	EndGlobalSection
	GlobalSection(ProjectConfigurationPlatforms) = postSolution
		{A1234567-B890-C123-D456-E78901234567}.Debug|Any CPU.ActiveCfg = Debug|Any CPU
		{A1234567-B890-C123-D456-E78901234567}.Debug|Any CPU.Build.0 = Debug|Any CPU
		{A1234567-B890-C123-D456-E78901234567}.Release|Any CPU.ActiveCfg = Release|Any CPU
		{A1234567-B890-C123-D456-E78901234567}.Release|Any CPU.Build.0 = Release|Any CPU
		{B2345678-C901-D234-E567-F89012345678}.Debug|Any CPU.ActiveCfg = Debug|Any CPU
		{B2345678-C901-D234-E567-F89012345678}.Debug|Any CPU.Build.0 = Debug|Any CPU
		{B2345678-C901-D234-E567-F89012345678}.Release|Any CPU.ActiveCfg = Release|Any CPU
		{B2345678-C901-D234-E567-F89012345678}.Release|Any CPU.Build.0 = Release|Any CPU
		{C3456789-D012-E345-F678-012345678901}.Debug|Any CPU.ActiveCfg = Debug|Any CPU
		{C3456789-D012-E345-F678-012345678901}.Debug|Any CPU.Build.0 = Debug|Any CPU
		{C3456789-D012-E345-F678-012345678901}.Release|Any CPU.ActiveCfg = Release|Any CPU
		{C3456789-D012-E345-F678-012345678901}.Release|Any CPU.Build.0 = Release|Any CPU
		{122E7DF0-A0FE-4BE1-86F2-311F16D40299}.Debug|Any CPU.ActiveCfg = Debug|Any CPU
		{122E7DF0-A0FE-4BE1-86F2-311F16D40299}.Debug|Any CPU.Build.0 = Debug|Any CPU
		{122E7DF0-A0FE-4BE1-86F2-311F16D40299}.Release|Any CPU.ActiveCfg = Release|Any CPU
		{122E7DF0-A0FE-4BE1-86F2-311F16D40299}.Release|Any CPU.Build.0 = Release|Any CPU
	EndGlobalSection
	GlobalSection(SolutionProperties) = preSolution
		HideSolutionNode = FALSE
	EndGlobalSection
EndGlobal
